
Microsoft Visual Studio Solution File, Format Version 12.00
# Visual Studio Version 17
VisualStudioVersion = 17.9.34728.123
MinimumVisualStudioVersion = 10.0.40219.1
Project("{9A19103F-16F7-4668-BE54-9A1E7A4F7556}") = "GeradorTeste.WinApp", "GeradorTeste.Winapp\GeradorTeste.WinApp.csproj", "{D94DA7AB-2225-40D1-857E-81E0136F076E}"
EndProject
Global
	GlobalSection(SolutionConfigurationPlatforms) = preSolution
		Debug|Any CPU = Debug|Any CPU
		Release|Any CPU = Release|Any CPU
	EndGlobalSection
	GlobalSection(ProjectConfigurationPlatforms) = postSolution
		{D94DA7AB-2225-40D1-857E-81E0136F076E}.Debug|Any CPU.ActiveCfg = Debug|Any CPU
		{D94DA7AB-2225-40D1-857E-81E0136F076E}.Debug|Any CPU.Build.0 = Debug|Any CPU
		{D94DA7AB-2225-40D1-857E-81E0136F076E}.Release|Any CPU.ActiveCfg = Release|Any CPU
		{D94DA7AB-2225-40D1-857E-81E0136F076E}.Release|Any CPU.Build.0 = Release|Any CPU
	EndGlobalSection
	GlobalSection(SolutionProperties) = preSolution
		HideSolutionNode = FALSE
	EndGlobalSection
	GlobalSection(ExtensibilityGlobals) = postSolution
		SolutionGuid = {8E48835E-90A7-49CF-B6ED-7157D8E7051F}
	EndGlobalSection
EndGlobal
